
Microsoft Visual Studio Solution File, Format Version 12.00
# Visual Studio Version 17
VisualStudioVersion = 17.10.34814.14
MinimumVisualStudioVersion = 10.0.40219.1
Project("{9A19103F-16F7-4668-BE54-9A1E7A4F7556}") = "Model", "Model\Model.csproj", "{6C62EB7F-AC3A-4203-A195-3FA87617056E}"
EndProject
Project("{9A19103F-16F7-4668-BE54-9A1E7A4F7556}") = "ConsoleUI", "ConsoleUI\ConsoleUI.csproj", "{8CD7CC88-CF0F-4A91-A80A-CE21C853D744}"
EndProject
Project("{9A19103F-16F7-4668-BE54-9A1E7A4F7556}") = "TappService", "TappService\TappService.csproj", "{EA7E1F13-1540-4211-8126-829144FB5E22}"
EndProject
Project("{9A19103F-16F7-4668-BE54-9A1E7A4F7556}") = "Tapp.Configuration", "Tapp.Configuration\Tapp.Configuration.csproj", "{862E3C08-1BB3-44F9-882B-AF3B7BE9B703}"
EndProject
Project("{FAE04EC0-301F-11D3-BF4B-00C04F79EFBC}") = "TappBlazor", "TappBlazor\TappBlazor.csproj", "{BE28B224-5C7B-4395-9B7A-4DF48B1546DE}"
EndProject
Project("{FAE04EC0-301F-11D3-BF4B-00C04F79EFBC}") = "DAL", "DAL\DAL.csproj", "{A21D8DC4-543F-4442-B977-2D67513CB448}"
EndProject
Global
	GlobalSection(SolutionConfigurationPlatforms) = preSolution
		Debug|Any CPU = Debug|Any CPU
		Release|Any CPU = Release|Any CPU
	EndGlobalSection
	GlobalSection(ProjectConfigurationPlatforms) = postSolution
		{6C62EB7F-AC3A-4203-A195-3FA87617056E}.Debug|Any CPU.ActiveCfg = Debug|Any CPU
		{6C62EB7F-AC3A-4203-A195-3FA87617056E}.Debug|Any CPU.Build.0 = Debug|Any CPU
		{6C62EB7F-AC3A-4203-A195-3FA87617056E}.Release|Any CPU.ActiveCfg = Release|Any CPU
		{6C62EB7F-AC3A-4203-A195-3FA87617056E}.Release|Any CPU.Build.0 = Release|Any CPU
		{8CD7CC88-CF0F-4A91-A80A-CE21C853D744}.Debug|Any CPU.ActiveCfg = Debug|Any CPU
		{8CD7CC88-CF0F-4A91-A80A-CE21C853D744}.Debug|Any CPU.Build.0 = Debug|Any CPU
		{8CD7CC88-CF0F-4A91-A80A-CE21C853D744}.Release|Any CPU.ActiveCfg = Release|Any CPU
		{8CD7CC88-CF0F-4A91-A80A-CE21C853D744}.Release|Any CPU.Build.0 = Release|Any CPU
		{EA7E1F13-1540-4211-8126-829144FB5E22}.Debug|Any CPU.ActiveCfg = Debug|Any CPU
		{EA7E1F13-1540-4211-8126-829144FB5E22}.Debug|Any CPU.Build.0 = Debug|Any CPU
		{EA7E1F13-1540-4211-8126-829144FB5E22}.Release|Any CPU.ActiveCfg = Release|Any CPU
		{EA7E1F13-1540-4211-8126-829144FB5E22}.Release|Any CPU.Build.0 = Release|Any CPU
		{862E3C08-1BB3-44F9-882B-AF3B7BE9B703}.Debug|Any CPU.ActiveCfg = Debug|Any CPU
		{862E3C08-1BB3-44F9-882B-AF3B7BE9B703}.Debug|Any CPU.Build.0 = Debug|Any CPU
		{862E3C08-1BB3-44F9-882B-AF3B7BE9B703}.Release|Any CPU.ActiveCfg = Release|Any CPU
		{862E3C08-1BB3-44F9-882B-AF3B7BE9B703}.Release|Any CPU.Build.0 = Release|Any CPU
		{BE28B224-5C7B-4395-9B7A-4DF48B1546DE}.Debug|Any CPU.ActiveCfg = Debug|Any CPU
		{BE28B224-5C7B-4395-9B7A-4DF48B1546DE}.Debug|Any CPU.Build.0 = Debug|Any CPU
		{BE28B224-5C7B-4395-9B7A-4DF48B1546DE}.Release|Any CPU.ActiveCfg = Release|Any CPU
		{BE28B224-5C7B-4395-9B7A-4DF48B1546DE}.Release|Any CPU.Build.0 = Release|Any CPU
		{A21D8DC4-543F-4442-B977-2D67513CB448}.Debug|Any CPU.ActiveCfg = Debug|Any CPU
		{A21D8DC4-543F-4442-B977-2D67513CB448}.Debug|Any CPU.Build.0 = Debug|Any CPU
		{A21D8DC4-543F-4442-B977-2D67513CB448}.Release|Any CPU.ActiveCfg = Release|Any CPU
		{A21D8DC4-543F-4442-B977-2D67513CB448}.Release|Any CPU.Build.0 = Release|Any CPU
	EndGlobalSection
	GlobalSection(SolutionProperties) = preSolution
		HideSolutionNode = FALSE
	EndGlobalSection
	GlobalSection(ExtensibilityGlobals) = postSolution
		SolutionGuid = {10FA34C3-8E89-40A8-B82C-20D94C22F134}
	EndGlobalSection
EndGlobal
