
Microsoft Visual Studio Solution File, Format Version 12.00
# Visual Studio Version 17
VisualStudioVersion = 17.10.34814.14
MinimumVisualStudioVersion = 10.0.40219.1
Project("{FAE04EC0-301F-11D3-BF4B-00C04F79EFBC}") = "Model", "Model\Model.csproj", "{6C62EB7F-AC3A-4203-A195-3FA87617056E}"
EndProject
Global
	GlobalSection(SolutionConfigurationPlatforms) = preSolution
		Debug|Any CPU = Debug|Any CPU
		Release|Any CPU = Release|Any CPU
	EndGlobalSection
	GlobalSection(ProjectConfigurationPlatforms) = postSolution
		{6C62EB7F-AC3A-4203-A195-3FA87617056E}.Debug|Any CPU.ActiveCfg = Debug|Any CPU
		{6C62EB7F-AC3A-4203-A195-3FA87617056E}.Debug|Any CPU.Build.0 = Debug|Any CPU
		{6C62EB7F-AC3A-4203-A195-3FA87617056E}.Release|Any CPU.ActiveCfg = Release|Any CPU
		{6C62EB7F-AC3A-4203-A195-3FA87617056E}.Release|Any CPU.Build.0 = Release|Any CPU
	EndGlobalSection
	GlobalSection(SolutionProperties) = preSolution
		HideSolutionNode = FALSE
	EndGlobalSection
	GlobalSection(ExtensibilityGlobals) = postSolution
		SolutionGuid = {10FA34C3-8E89-40A8-B82C-20D94C22F134}
	EndGlobalSection
EndGlobal
